// !$*UTF8*$!
{
	archiveVersion = 1;
	classes = {
	};
	objectVersion = 56;
	objects = {

/* Begin PBXBuildFile section */
		B80131EE2D38F5C700D893F1 /* ResultView.swift in Sources */ = {isa = PBXBuildFile; fileRef = B80131ED2D38F5C700D893F1 /* ResultView.swift */; };
		B812F1012D420C12009C4534 /* SingleMatrixView4.swift in Sources */ = {isa = PBXBuildFile; fileRef = B812F1002D420C12009C4534 /* SingleMatrixView4.swift */; };
		B85FB3932D33B41F0098F6E2 /* SingleMatrixView2.swift in Sources */ = {isa = PBXBuildFile; fileRef = B85FB3922D33B41F0098F6E2 /* SingleMatrixView2.swift */; };
		B85FB3952D350E1F0098F6E2 /* SingleMatrixView3.swift in Sources */ = {isa = PBXBuildFile; fileRef = B85FB3942D350E1F0098F6E2 /* SingleMatrixView3.swift */; };
		B887D0522D48AC8A00053122 /* TextRecognitionPracticeView.swift in Sources */ = {isa = PBXBuildFile; fileRef = B887D0512D48AC8A00053122 /* TextRecognitionPracticeView.swift */; };
		B89CEC162D49DF2E00A16C79 /* AddView.swift in Sources */ = {isa = PBXBuildFile; fileRef = B89CEC152D49DF2E00A16C79 /* AddView.swift */; };
		B89CEC182D49E65500A16C79 /* MultipleMatrixView.swift in Sources */ = {isa = PBXBuildFile; fileRef = B89CEC172D49E65500A16C79 /* MultipleMatrixView.swift */; };
		B89CEC1A2D4A0A2200A16C79 /* AddSubtractView.swift in Sources */ = {isa = PBXBuildFile; fileRef = B89CEC192D4A0A2200A16C79 /* AddSubtractView.swift */; };
		B8E00C3B2D18FA0300BD0C0E /* MatrixCalculatorV1App.swift in Sources */ = {isa = PBXBuildFile; fileRef = B8E00C3A2D18FA0300BD0C0E /* MatrixCalculatorV1App.swift */; };
		B8E00C3D2D18FA0300BD0C0E /* ContentView.swift in Sources */ = {isa = PBXBuildFile; fileRef = B8E00C3C2D18FA0300BD0C0E /* ContentView.swift */; };
		B8E00C3F2D18FA0B00BD0C0E /* Assets.xcassets in Resources */ = {isa = PBXBuildFile; fileRef = B8E00C3E2D18FA0B00BD0C0E /* Assets.xcassets */; };
		B8E00C422D18FA0B00BD0C0E /* Preview Assets.xcassets in Resources */ = {isa = PBXBuildFile; fileRef = B8E00C412D18FA0B00BD0C0E /* Preview Assets.xcassets */; };
		B8E00C4A2D18FAA500BD0C0E /* MatrixOperations.swift in Sources */ = {isa = PBXBuildFile; fileRef = B8E00C492D18FAA400BD0C0E /* MatrixOperations.swift */; };
		B8E00C5C2D1D359D00BD0C0E /* MainScreenView5.swift in Sources */ = {isa = PBXBuildFile; fileRef = B8E00C5B2D1D359D00BD0C0E /* MainScreenView5.swift */; };
		B8E00C622D1E297500BD0C0E /* OperationsView.swift in Sources */ = {isa = PBXBuildFile; fileRef = B8E00C612D1E297400BD0C0E /* OperationsView.swift */; };
		B8E00C642D1F41F000BD0C0E /* SingleMatrixView.swift in Sources */ = {isa = PBXBuildFile; fileRef = B8E00C632D1F41F000BD0C0E /* SingleMatrixView.swift */; };
		B8F6844A2D462AEB007DCD6F /* ArrayPractice.swift in Sources */ = {isa = PBXBuildFile; fileRef = B8F684492D462AEB007DCD6F /* ArrayPractice.swift */; };
/* End PBXBuildFile section */

/* Begin PBXFileReference section */
		B80131ED2D38F5C700D893F1 /* ResultView.swift */ = {isa = PBXFileReference; lastKnownFileType = sourcecode.swift; path = ResultView.swift; sourceTree = "<group>"; };
		B812F1002D420C12009C4534 /* SingleMatrixView4.swift */ = {isa = PBXFileReference; lastKnownFileType = sourcecode.swift; path = SingleMatrixView4.swift; sourceTree = "<group>"; };
		B85FB3922D33B41F0098F6E2 /* SingleMatrixView2.swift */ = {isa = PBXFileReference; lastKnownFileType = sourcecode.swift; path = SingleMatrixView2.swift; sourceTree = "<group>"; };
		B85FB3942D350E1F0098F6E2 /* SingleMatrixView3.swift */ = {isa = PBXFileReference; lastKnownFileType = sourcecode.swift; path = SingleMatrixView3.swift; sourceTree = "<group>"; };
		B887D0512D48AC8A00053122 /* TextRecognitionPracticeView.swift */ = {isa = PBXFileReference; lastKnownFileType = sourcecode.swift; path = TextRecognitionPracticeView.swift; sourceTree = "<group>"; };
		B887D0572D48C48100053122 /* Info.plist */ = {isa = PBXFileReference; lastKnownFileType = text.plist; path = Info.plist; sourceTree = "<group>"; };
		B89CEC152D49DF2E00A16C79 /* AddView.swift */ = {isa = PBXFileReference; lastKnownFileType = sourcecode.swift; path = AddView.swift; sourceTree = "<group>"; };
		B89CEC172D49E65500A16C79 /* MultipleMatrixView.swift */ = {isa = PBXFileReference; lastKnownFileType = sourcecode.swift; path = MultipleMatrixView.swift; sourceTree = "<group>"; };
		B89CEC192D4A0A2200A16C79 /* AddSubtractView.swift */ = {isa = PBXFileReference; lastKnownFileType = sourcecode.swift; path = AddSubtractView.swift; sourceTree = "<group>"; };
		B8E00C372D18FA0300BD0C0E /* MatrixCalculatorV1.app */ = {isa = PBXFileReference; explicitFileType = wrapper.application; includeInIndex = 0; path = MatrixCalculatorV1.app; sourceTree = BUILT_PRODUCTS_DIR; };
		B8E00C3A2D18FA0300BD0C0E /* MatrixCalculatorV1App.swift */ = {isa = PBXFileReference; lastKnownFileType = sourcecode.swift; path = MatrixCalculatorV1App.swift; sourceTree = "<group>"; };
		B8E00C3C2D18FA0300BD0C0E /* ContentView.swift */ = {isa = PBXFileReference; lastKnownFileType = sourcecode.swift; path = ContentView.swift; sourceTree = "<group>"; };
		B8E00C3E2D18FA0B00BD0C0E /* Assets.xcassets */ = {isa = PBXFileReference; lastKnownFileType = folder.assetcatalog; path = Assets.xcassets; sourceTree = "<group>"; };
		B8E00C412D18FA0B00BD0C0E /* Preview Assets.xcassets */ = {isa = PBXFileReference; lastKnownFileType = folder.assetcatalog; path = "Preview Assets.xcassets"; sourceTree = "<group>"; };
		B8E00C492D18FAA400BD0C0E /* MatrixOperations.swift */ = {isa = PBXFileReference; lastKnownFileType = sourcecode.swift; path = MatrixOperations.swift; sourceTree = "<group>"; };
		B8E00C5B2D1D359D00BD0C0E /* MainScreenView5.swift */ = {isa = PBXFileReference; lastKnownFileType = sourcecode.swift; path = MainScreenView5.swift; sourceTree = "<group>"; };
		B8E00C612D1E297400BD0C0E /* OperationsView.swift */ = {isa = PBXFileReference; lastKnownFileType = sourcecode.swift; path = OperationsView.swift; sourceTree = "<group>"; };
		B8E00C632D1F41F000BD0C0E /* SingleMatrixView.swift */ = {isa = PBXFileReference; lastKnownFileType = sourcecode.swift; path = SingleMatrixView.swift; sourceTree = "<group>"; };
		B8F684492D462AEB007DCD6F /* ArrayPractice.swift */ = {isa = PBXFileReference; lastKnownFileType = sourcecode.swift; path = ArrayPractice.swift; sourceTree = "<group>"; };
/* End PBXFileReference section */

/* Begin PBXFrameworksBuildPhase section */
		B8E00C342D18FA0300BD0C0E /* Frameworks */ = {
			isa = PBXFrameworksBuildPhase;
			buildActionMask = 2147483647;
			files = (
			);
			runOnlyForDeploymentPostprocessing = 0;
		};
/* End PBXFrameworksBuildPhase section */

/* Begin PBXGroup section */
		B8E00C2E2D18FA0300BD0C0E = {
			isa = PBXGroup;
			children = (
				B8E00C492D18FAA400BD0C0E /* MatrixOperations.swift */,
				B8E00C392D18FA0300BD0C0E /* MatrixCalculatorV1 */,
				B8E00C382D18FA0300BD0C0E /* Products */,
			);
			sourceTree = "<group>";
		};
		B8E00C382D18FA0300BD0C0E /* Products */ = {
			isa = PBXGroup;
			children = (
				B8E00C372D18FA0300BD0C0E /* MatrixCalculatorV1.app */,
			);
			name = Products;
			sourceTree = "<group>";
		};
		B8E00C392D18FA0300BD0C0E /* MatrixCalculatorV1 */ = {
			isa = PBXGroup;
			children = (
				B887D0572D48C48100053122 /* Info.plist */,
				B8E00C3A2D18FA0300BD0C0E /* MatrixCalculatorV1App.swift */,
				B8E00C3C2D18FA0300BD0C0E /* ContentView.swift */,
				B8E00C5B2D1D359D00BD0C0E /* MainScreenView5.swift */,
				B8E00C612D1E297400BD0C0E /* OperationsView.swift */,
				B8E00C632D1F41F000BD0C0E /* SingleMatrixView.swift */,
				B85FB3922D33B41F0098F6E2 /* SingleMatrixView2.swift */,
				B85FB3942D350E1F0098F6E2 /* SingleMatrixView3.swift */,
				B89CEC172D49E65500A16C79 /* MultipleMatrixView.swift */,
				B887D0512D48AC8A00053122 /* TextRecognitionPracticeView.swift */,
				B8F684492D462AEB007DCD6F /* ArrayPractice.swift */,
				B812F1002D420C12009C4534 /* SingleMatrixView4.swift */,
				B80131ED2D38F5C700D893F1 /* ResultView.swift */,
				B89CEC152D49DF2E00A16C79 /* AddView.swift */,
				B89CEC192D4A0A2200A16C79 /* AddSubtractView.swift */,
				B8E00C3E2D18FA0B00BD0C0E /* Assets.xcassets */,
				B8E00C402D18FA0B00BD0C0E /* Preview Content */,
			);
			path = MatrixCalculatorV1;
			sourceTree = "<group>";
		};
		B8E00C402D18FA0B00BD0C0E /* Preview Content */ = {
			isa = PBXGroup;
			children = (
				B8E00C412D18FA0B00BD0C0E /* Preview Assets.xcassets */,
			);
			path = "Preview Content";
			sourceTree = "<group>";
		};
/* End PBXGroup section */

/* Begin PBXNativeTarget section */
		B8E00C362D18FA0300BD0C0E /* MatrixCalculatorV1 */ = {
			isa = PBXNativeTarget;
			buildConfigurationList = B8E00C452D18FA0B00BD0C0E /* Build configuration list for PBXNativeTarget "MatrixCalculatorV1" */;
			buildPhases = (
				B8E00C332D18FA0300BD0C0E /* Sources */,
				B8E00C342D18FA0300BD0C0E /* Frameworks */,
				B8E00C352D18FA0300BD0C0E /* Resources */,
			);
			buildRules = (
			);
			dependencies = (
			);
			name = MatrixCalculatorV1;
			productName = MatrixCalculatorV1;
			productReference = B8E00C372D18FA0300BD0C0E /* MatrixCalculatorV1.app */;
			productType = "com.apple.product-type.application";
		};
/* End PBXNativeTarget section */

/* Begin PBXProject section */
		B8E00C2F2D18FA0300BD0C0E /* Project object */ = {
			isa = PBXProject;
			attributes = {
				BuildIndependentTargetsInParallel = 1;
				LastSwiftUpdateCheck = 1540;
				LastUpgradeCheck = 1540;
				TargetAttributes = {
					B8E00C362D18FA0300BD0C0E = {
						CreatedOnToolsVersion = 15.4;
					};
				};
			};
			buildConfigurationList = B8E00C322D18FA0300BD0C0E /* Build configuration list for PBXProject "MatrixCalculatorV1" */;
			compatibilityVersion = "Xcode 14.0";
			developmentRegion = en;
			hasScannedForEncodings = 0;
			knownRegions = (
				en,
				Base,
			);
			mainGroup = B8E00C2E2D18FA0300BD0C0E;
			productRefGroup = B8E00C382D18FA0300BD0C0E /* Products */;
			projectDirPath = "";
			projectRoot = "";
			targets = (
				B8E00C362D18FA0300BD0C0E /* MatrixCalculatorV1 */,
			);
		};
/* End PBXProject section */

/* Begin PBXResourcesBuildPhase section */
		B8E00C352D18FA0300BD0C0E /* Resources */ = {
			isa = PBXResourcesBuildPhase;
			buildActionMask = 2147483647;
			files = (
				B8E00C422D18FA0B00BD0C0E /* Preview Assets.xcassets in Resources */,
				B8E00C3F2D18FA0B00BD0C0E /* Assets.xcassets in Resources */,
			);
			runOnlyForDeploymentPostprocessing = 0;
		};
/* End PBXResourcesBuildPhase section */

/* Begin PBXSourcesBuildPhase section */
		B8E00C332D18FA0300BD0C0E /* Sources */ = {
			isa = PBXSourcesBuildPhase;
			buildActionMask = 2147483647;
			files = (
				B89CEC162D49DF2E00A16C79 /* AddView.swift in Sources */,
				B812F1012D420C12009C4534 /* SingleMatrixView4.swift in Sources */,
				B8E00C5C2D1D359D00BD0C0E /* MainScreenView5.swift in Sources */,
				B8E00C642D1F41F000BD0C0E /* SingleMatrixView.swift in Sources */,
				B80131EE2D38F5C700D893F1 /* ResultView.swift in Sources */,
				B89CEC182D49E65500A16C79 /* MultipleMatrixView.swift in Sources */,
				B887D0522D48AC8A00053122 /* TextRecognitionPracticeView.swift in Sources */,
				B8E00C3D2D18FA0300BD0C0E /* ContentView.swift in Sources */,
				B89CEC1A2D4A0A2200A16C79 /* AddSubtractView.swift in Sources */,
				B8E00C3B2D18FA0300BD0C0E /* MatrixCalculatorV1App.swift in Sources */,
				B8E00C622D1E297500BD0C0E /* OperationsView.swift in Sources */,
				B8F6844A2D462AEB007DCD6F /* ArrayPractice.swift in Sources */,
				B85FB3932D33B41F0098F6E2 /* SingleMatrixView2.swift in Sources */,
				B8E00C4A2D18FAA500BD0C0E /* MatrixOperations.swift in Sources */,
				B85FB3952D350E1F0098F6E2 /* SingleMatrixView3.swift in Sources */,
			);
			runOnlyForDeploymentPostprocessing = 0;
		};
/* End PBXSourcesBuildPhase section */

/* Begin XCBuildConfiguration section */
		B8E00C432D18FA0B00BD0C0E /* Debug */ = {
			isa = XCBuildConfiguration;
			buildSettings = {
				ALWAYS_SEARCH_USER_PATHS = NO;
				ASSETCATALOG_COMPILER_GENERATE_SWIFT_ASSET_SYMBOL_EXTENSIONS = YES;
				CLANG_ANALYZER_NONNULL = YES;
				CLANG_ANALYZER_NUMBER_OBJECT_CONVERSION = YES_AGGRESSIVE;
				CLANG_CXX_LANGUAGE_STANDARD = "gnu++20";
				CLANG_ENABLE_MODULES = YES;
				CLANG_ENABLE_OBJC_ARC = YES;
				CLANG_ENABLE_OBJC_WEAK = YES;
				CLANG_WARN_BLOCK_CAPTURE_AUTORELEASING = YES;
				CLANG_WARN_BOOL_CONVERSION = YES;
				CLANG_WARN_COMMA = YES;
				CLANG_WARN_CONSTANT_CONVERSION = YES;
				CLANG_WARN_DEPRECATED_OBJC_IMPLEMENTATIONS = YES;
				CLANG_WARN_DIRECT_OBJC_ISA_USAGE = YES_ERROR;
				CLANG_WARN_DOCUMENTATION_COMMENTS = YES;
				CLANG_WARN_EMPTY_BODY = YES;
				CLANG_WARN_ENUM_CONVERSION = YES;
				CLANG_WARN_INFINITE_RECURSION = YES;
				CLANG_WARN_INT_CONVERSION = YES;
				CLANG_WARN_NON_LITERAL_NULL_CONVERSION = YES;
				CLANG_WARN_OBJC_IMPLICIT_RETAIN_SELF = YES;
				CLANG_WARN_OBJC_LITERAL_CONVERSION = YES;
				CLANG_WARN_OBJC_ROOT_CLASS = YES_ERROR;
				CLANG_WARN_QUOTED_INCLUDE_IN_FRAMEWORK_HEADER = YES;
				CLANG_WARN_RANGE_LOOP_ANALYSIS = YES;
				CLANG_WARN_STRICT_PROTOTYPES = YES;
				CLANG_WARN_SUSPICIOUS_MOVE = YES;
				CLANG_WARN_UNGUARDED_AVAILABILITY = YES_AGGRESSIVE;
				CLANG_WARN_UNREACHABLE_CODE = YES;
				CLANG_WARN__DUPLICATE_METHOD_MATCH = YES;
				COPY_PHASE_STRIP = NO;
				DEBUG_INFORMATION_FORMAT = dwarf;
				ENABLE_STRICT_OBJC_MSGSEND = YES;
				ENABLE_TESTABILITY = YES;
				ENABLE_USER_SCRIPT_SANDBOXING = YES;
				GCC_C_LANGUAGE_STANDARD = gnu17;
				GCC_DYNAMIC_NO_PIC = NO;
				GCC_NO_COMMON_BLOCKS = YES;
				GCC_OPTIMIZATION_LEVEL = 0;
				GCC_PREPROCESSOR_DEFINITIONS = (
					"DEBUG=1",
					"$(inherited)",
				);
				GCC_WARN_64_TO_32_BIT_CONVERSION = YES;
				GCC_WARN_ABOUT_RETURN_TYPE = YES_ERROR;
				GCC_WARN_UNDECLARED_SELECTOR = YES;
				GCC_WARN_UNINITIALIZED_AUTOS = YES_AGGRESSIVE;
				GCC_WARN_UNUSED_FUNCTION = YES;
				GCC_WARN_UNUSED_VARIABLE = YES;
				IPHONEOS_DEPLOYMENT_TARGET = 17.5;
				LOCALIZATION_PREFERS_STRING_CATALOGS = YES;
				MTL_ENABLE_DEBUG_INFO = INCLUDE_SOURCE;
				MTL_FAST_MATH = YES;
				ONLY_ACTIVE_ARCH = YES;
				SDKROOT = iphoneos;
				SWIFT_ACTIVE_COMPILATION_CONDITIONS = "DEBUG $(inherited)";
				SWIFT_OPTIMIZATION_LEVEL = "-Onone";
			};
			name = Debug;
		};
		B8E00C442D18FA0B00BD0C0E /* Release */ = {
			isa = XCBuildConfiguration;
			buildSettings = {
				ALWAYS_SEARCH_USER_PATHS = NO;
				ASSETCATALOG_COMPILER_GENERATE_SWIFT_ASSET_SYMBOL_EXTENSIONS = YES;
				CLANG_ANALYZER_NONNULL = YES;
				CLANG_ANALYZER_NUMBER_OBJECT_CONVERSION = YES_AGGRESSIVE;
				CLANG_CXX_LANGUAGE_STANDARD = "gnu++20";
				CLANG_ENABLE_MODULES = YES;
				CLANG_ENABLE_OBJC_ARC = YES;
				CLANG_ENABLE_OBJC_WEAK = YES;
				CLANG_WARN_BLOCK_CAPTURE_AUTORELEASING = YES;
				CLANG_WARN_BOOL_CONVERSION = YES;
				CLANG_WARN_COMMA = YES;
				CLANG_WARN_CONSTANT_CONVERSION = YES;
				CLANG_WARN_DEPRECATED_OBJC_IMPLEMENTATIONS = YES;
				CLANG_WARN_DIRECT_OBJC_ISA_USAGE = YES_ERROR;
				CLANG_WARN_DOCUMENTATION_COMMENTS = YES;
				CLANG_WARN_EMPTY_BODY = YES;
				CLANG_WARN_ENUM_CONVERSION = YES;
				CLANG_WARN_INFINITE_RECURSION = YES;
				CLANG_WARN_INT_CONVERSION = YES;
				CLANG_WARN_NON_LITERAL_NULL_CONVERSION = YES;
				CLANG_WARN_OBJC_IMPLICIT_RETAIN_SELF = YES;
				CLANG_WARN_OBJC_LITERAL_CONVERSION = YES;
				CLANG_WARN_OBJC_ROOT_CLASS = YES_ERROR;
				CLANG_WARN_QUOTED_INCLUDE_IN_FRAMEWORK_HEADER = YES;
				CLANG_WARN_RANGE_LOOP_ANALYSIS = YES;
				CLANG_WARN_STRICT_PROTOTYPES = YES;
				CLANG_WARN_SUSPICIOUS_MOVE = YES;
				CLANG_WARN_UNGUARDED_AVAILABILITY = YES_AGGRESSIVE;
				CLANG_WARN_UNREACHABLE_CODE = YES;
				CLANG_WARN__DUPLICATE_METHOD_MATCH = YES;
				COPY_PHASE_STRIP = NO;
				DEBUG_INFORMATION_FORMAT = "dwarf-with-dsym";
				ENABLE_NS_ASSERTIONS = NO;
				ENABLE_STRICT_OBJC_MSGSEND = YES;
				ENABLE_USER_SCRIPT_SANDBOXING = YES;
				GCC_C_LANGUAGE_STANDARD = gnu17;
				GCC_NO_COMMON_BLOCKS = YES;
				GCC_WARN_64_TO_32_BIT_CONVERSION = YES;
				GCC_WARN_ABOUT_RETURN_TYPE = YES_ERROR;
				GCC_WARN_UNDECLARED_SELECTOR = YES;
				GCC_WARN_UNINITIALIZED_AUTOS = YES_AGGRESSIVE;
				GCC_WARN_UNUSED_FUNCTION = YES;
				GCC_WARN_UNUSED_VARIABLE = YES;
				IPHONEOS_DEPLOYMENT_TARGET = 17.5;
				LOCALIZATION_PREFERS_STRING_CATALOGS = YES;
				MTL_ENABLE_DEBUG_INFO = NO;
				MTL_FAST_MATH = YES;
				SDKROOT = iphoneos;
				SWIFT_COMPILATION_MODE = wholemodule;
				VALIDATE_PRODUCT = YES;
			};
			name = Release;
		};
		B8E00C462D18FA0B00BD0C0E /* Debug */ = {
			isa = XCBuildConfiguration;
			buildSettings = {
				ASSETCATALOG_COMPILER_APPICON_NAME = AppIcon;
				ASSETCATALOG_COMPILER_GLOBAL_ACCENT_COLOR_NAME = AccentColor;
				CODE_SIGN_STYLE = Automatic;
				CURRENT_PROJECT_VERSION = 1;
				DEVELOPMENT_ASSET_PATHS = "\"MatrixCalculatorV1/Preview Content\"";
				DEVELOPMENT_TEAM = NXLV88T53J;
				ENABLE_PREVIEWS = YES;
				GENERATE_INFOPLIST_FILE = YES;
				INFOPLIST_FILE = MatrixCalculatorV1/Info.plist;
				INFOPLIST_KEY_NSCameraUsageDescription = "$(PRODUCT_NAME) requires permission to scan matrix";
				INFOPLIST_KEY_UIApplicationSceneManifest_Generation = YES;
				INFOPLIST_KEY_UIApplicationSupportsIndirectInputEvents = YES;
				INFOPLIST_KEY_UILaunchScreen_Generation = YES;
				INFOPLIST_KEY_UISupportedInterfaceOrientations_iPad = "UIInterfaceOrientationPortrait UIInterfaceOrientationPortraitUpsideDown UIInterfaceOrientationLandscapeLeft UIInterfaceOrientationLandscapeRight";
				INFOPLIST_KEY_UISupportedInterfaceOrientations_iPhone = "UIInterfaceOrientationPortrait UIInterfaceOrientationLandscapeLeft UIInterfaceOrientationLandscapeRight";
				LD_RUNPATH_SEARCH_PATHS = (
					"$(inherited)",
					"@executable_path/Frameworks",
				);
				MARKETING_VERSION = 1.0;
				PRODUCT_BUNDLE_IDENTIFIER = "io.abdulk-a.github.MatrixCalculatorV1";
				PRODUCT_NAME = "$(TARGET_NAME)";
				SWIFT_EMIT_LOC_STRINGS = YES;
				SWIFT_VERSION = 5.0;
				TARGETED_DEVICE_FAMILY = "1,2";
			};
			name = Debug;
		};
		B8E00C472D18FA0B00BD0C0E /* Release */ = {
			isa = XCBuildConfiguration;
			buildSettings = {
				ASSETCATALOG_COMPILER_APPICON_NAME = AppIcon;
				ASSETCATALOG_COMPILER_GLOBAL_ACCENT_COLOR_NAME = AccentColor;
				CODE_SIGN_STYLE = Automatic;
				CURRENT_PROJECT_VERSION = 1;
				DEVELOPMENT_ASSET_PATHS = "\"MatrixCalculatorV1/Preview Content\"";
				DEVELOPMENT_TEAM = NXLV88T53J;
				ENABLE_PREVIEWS = YES;
				GENERATE_INFOPLIST_FILE = YES;
				INFOPLIST_FILE = MatrixCalculatorV1/Info.plist;
				INFOPLIST_KEY_NSCameraUsageDescription = "$(PRODUCT_NAME) requires permission to scan matrix";
				INFOPLIST_KEY_UIApplicationSceneManifest_Generation = YES;
				INFOPLIST_KEY_UIApplicationSupportsIndirectInputEvents = YES;
				INFOPLIST_KEY_UILaunchScreen_Generation = YES;
				INFOPLIST_KEY_UISupportedInterfaceOrientations_iPad = "UIInterfaceOrientationPortrait UIInterfaceOrientationPortraitUpsideDown UIInterfaceOrientationLandscapeLeft UIInterfaceOrientationLandscapeRight";
				INFOPLIST_KEY_UISupportedInterfaceOrientations_iPhone = "UIInterfaceOrientationPortrait UIInterfaceOrientationLandscapeLeft UIInterfaceOrientationLandscapeRight";
				LD_RUNPATH_SEARCH_PATHS = (
					"$(inherited)",
					"@executable_path/Frameworks",
				);
				MARKETING_VERSION = 1.0;
				PRODUCT_BUNDLE_IDENTIFIER = "io.abdulk-a.github.MatrixCalculatorV1";
				PRODUCT_NAME = "$(TARGET_NAME)";
				SWIFT_EMIT_LOC_STRINGS = YES;
				SWIFT_VERSION = 5.0;
				TARGETED_DEVICE_FAMILY = "1,2";
			};
			name = Release;
		};
/* End XCBuildConfiguration section */

/* Begin XCConfigurationList section */
		B8E00C322D18FA0300BD0C0E /* Build configuration list for PBXProject "MatrixCalculatorV1" */ = {
			isa = XCConfigurationList;
			buildConfigurations = (
				B8E00C432D18FA0B00BD0C0E /* Debug */,
				B8E00C442D18FA0B00BD0C0E /* Release */,
			);
			defaultConfigurationIsVisible = 0;
			defaultConfigurationName = Release;
		};
		B8E00C452D18FA0B00BD0C0E /* Build configuration list for PBXNativeTarget "MatrixCalculatorV1" */ = {
			isa = XCConfigurationList;
			buildConfigurations = (
				B8E00C462D18FA0B00BD0C0E /* Debug */,
				B8E00C472D18FA0B00BD0C0E /* Release */,
			);
			defaultConfigurationIsVisible = 0;
			defaultConfigurationName = Release;
		};
/* End XCConfigurationList section */
	};
	rootObject = B8E00C2F2D18FA0300BD0C0E /* Project object */;
}
